
Microsoft Visual Studio Solution File, Format Version 12.00
# Visual Studio 15
VisualStudioVersion = 15.0.28307.645
MinimumVisualStudioVersion = 10.0.40219.1
Project("{FAE04EC0-301F-11D3-BF4B-00C04F79EFBC}") = "Projetinge.Android", "Projetinge\Projetinge.Android\Projetinge.Android.csproj", "{452A56BB-C2C1-4B0F-AFC4-9C1D1FE2BE03}"
EndProject
Project("{FAE04EC0-301F-11D3-BF4B-00C04F79EFBC}") = "Projetinge.iOS", "Projetinge\Projetinge.iOS\Projetinge.iOS.csproj", "{9C39C0BA-E35A-4E8E-9AF8-8915E526B8E5}"
EndProject
Project("{FAE04EC0-301F-11D3-BF4B-00C04F79EFBC}") = "Projetinge.UWP", "Projetinge\Projetinge.UWP\Projetinge.UWP.csproj", "{548ACA60-B139-4962-B60B-E2FD1D205A57}"
EndProject
Project("{FAE04EC0-301F-11D3-BF4B-00C04F79EFBC}") = "Projetinge", "Projetinge\Projetinge\Projetinge.csproj", "{79865BFE-4755-4943-BC26-BE4013823FBE}"
EndProject
Global
	GlobalSection(SolutionConfigurationPlatforms) = preSolution
		Ad-Hoc|Any CPU = Ad-Hoc|Any CPU
		Ad-Hoc|ARM = Ad-Hoc|ARM
		Ad-Hoc|iPhone = Ad-Hoc|iPhone
		Ad-Hoc|iPhoneSimulator = Ad-Hoc|iPhoneSimulator
		Ad-Hoc|x64 = Ad-Hoc|x64
		Ad-Hoc|x86 = Ad-Hoc|x86
		AppStore|Any CPU = AppStore|Any CPU
		AppStore|ARM = AppStore|ARM
		AppStore|iPhone = AppStore|iPhone
		AppStore|iPhoneSimulator = AppStore|iPhoneSimulator
		AppStore|x64 = AppStore|x64
		AppStore|x86 = AppStore|x86
		Debug|Any CPU = Debug|Any CPU
		Debug|ARM = Debug|ARM
		Debug|iPhone = Debug|iPhone
		Debug|iPhoneSimulator = Debug|iPhoneSimulator
		Debug|x64 = Debug|x64
		Debug|x86 = Debug|x86
		Release|Any CPU = Release|Any CPU
		Release|ARM = Release|ARM
		Release|iPhone = Release|iPhone
		Release|iPhoneSimulator = Release|iPhoneSimulator
		Release|x64 = Release|x64
		Release|x86 = Release|x86
	EndGlobalSection
	GlobalSection(ProjectConfigurationPlatforms) = postSolution
		{452A56BB-C2C1-4B0F-AFC4-9C1D1FE2BE03}.Ad-Hoc|Any CPU.ActiveCfg = Release|Any CPU
		{452A56BB-C2C1-4B0F-AFC4-9C1D1FE2BE03}.Ad-Hoc|Any CPU.Build.0 = Release|Any CPU
		{452A56BB-C2C1-4B0F-AFC4-9C1D1FE2BE03}.Ad-Hoc|Any CPU.Deploy.0 = Release|Any CPU
		{452A56BB-C2C1-4B0F-AFC4-9C1D1FE2BE03}.Ad-Hoc|ARM.ActiveCfg = Release|Any CPU
		{452A56BB-C2C1-4B0F-AFC4-9C1D1FE2BE03}.Ad-Hoc|ARM.Build.0 = Release|Any CPU
		{452A56BB-C2C1-4B0F-AFC4-9C1D1FE2BE03}.Ad-Hoc|ARM.Deploy.0 = Release|Any CPU
		{452A56BB-C2C1-4B0F-AFC4-9C1D1FE2BE03}.Ad-Hoc|iPhone.ActiveCfg = Release|Any CPU
		{452A56BB-C2C1-4B0F-AFC4-9C1D1FE2BE03}.Ad-Hoc|iPhone.Build.0 = Release|Any CPU
		{452A56BB-C2C1-4B0F-AFC4-9C1D1FE2BE03}.Ad-Hoc|iPhone.Deploy.0 = Release|Any CPU
		{452A56BB-C2C1-4B0F-AFC4-9C1D1FE2BE03}.Ad-Hoc|iPhoneSimulator.ActiveCfg = Release|Any CPU
		{452A56BB-C2C1-4B0F-AFC4-9C1D1FE2BE03}.Ad-Hoc|iPhoneSimulator.Build.0 = Release|Any CPU
		{452A56BB-C2C1-4B0F-AFC4-9C1D1FE2BE03}.Ad-Hoc|iPhoneSimulator.Deploy.0 = Release|Any CPU
		{452A56BB-C2C1-4B0F-AFC4-9C1D1FE2BE03}.Ad-Hoc|x64.ActiveCfg = Release|Any CPU
		{452A56BB-C2C1-4B0F-AFC4-9C1D1FE2BE03}.Ad-Hoc|x64.Build.0 = Release|Any CPU
		{452A56BB-C2C1-4B0F-AFC4-9C1D1FE2BE03}.Ad-Hoc|x64.Deploy.0 = Release|Any CPU
		{452A56BB-C2C1-4B0F-AFC4-9C1D1FE2BE03}.Ad-Hoc|x86.ActiveCfg = Release|Any CPU
		{452A56BB-C2C1-4B0F-AFC4-9C1D1FE2BE03}.Ad-Hoc|x86.Build.0 = Release|Any CPU
		{452A56BB-C2C1-4B0F-AFC4-9C1D1FE2BE03}.Ad-Hoc|x86.Deploy.0 = Release|Any CPU
		{452A56BB-C2C1-4B0F-AFC4-9C1D1FE2BE03}.AppStore|Any CPU.ActiveCfg = Release|Any CPU
		{452A56BB-C2C1-4B0F-AFC4-9C1D1FE2BE03}.AppStore|Any CPU.Build.0 = Release|Any CPU
		{452A56BB-C2C1-4B0F-AFC4-9C1D1FE2BE03}.AppStore|Any CPU.Deploy.0 = Release|Any CPU
		{452A56BB-C2C1-4B0F-AFC4-9C1D1FE2BE03}.AppStore|ARM.ActiveCfg = Release|Any CPU
		{452A56BB-C2C1-4B0F-AFC4-9C1D1FE2BE03}.AppStore|ARM.Build.0 = Release|Any CPU
		{452A56BB-C2C1-4B0F-AFC4-9C1D1FE2BE03}.AppStore|ARM.Deploy.0 = Release|Any CPU
		{452A56BB-C2C1-4B0F-AFC4-9C1D1FE2BE03}.AppStore|iPhone.ActiveCfg = Release|Any CPU
		{452A56BB-C2C1-4B0F-AFC4-9C1D1FE2BE03}.AppStore|iPhone.Build.0 = Release|Any CPU
		{452A56BB-C2C1-4B0F-AFC4-9C1D1FE2BE03}.AppStore|iPhone.Deploy.0 = Release|Any CPU
		{452A56BB-C2C1-4B0F-AFC4-9C1D1FE2BE03}.AppStore|iPhoneSimulator.ActiveCfg = Release|Any CPU
		{452A56BB-C2C1-4B0F-AFC4-9C1D1FE2BE03}.AppStore|iPhoneSimulator.Build.0 = Release|Any CPU
		{452A56BB-C2C1-4B0F-AFC4-9C1D1FE2BE03}.AppStore|iPhoneSimulator.Deploy.0 = Release|Any CPU
		{452A56BB-C2C1-4B0F-AFC4-9C1D1FE2BE03}.AppStore|x64.ActiveCfg = Release|Any CPU
		{452A56BB-C2C1-4B0F-AFC4-9C1D1FE2BE03}.AppStore|x64.Build.0 = Release|Any CPU
		{452A56BB-C2C1-4B0F-AFC4-9C1D1FE2BE03}.AppStore|x64.Deploy.0 = Release|Any CPU
		{452A56BB-C2C1-4B0F-AFC4-9C1D1FE2BE03}.AppStore|x86.ActiveCfg = Release|Any CPU
		{452A56BB-C2C1-4B0F-AFC4-9C1D1FE2BE03}.AppStore|x86.Build.0 = Release|Any CPU
		{452A56BB-C2C1-4B0F-AFC4-9C1D1FE2BE03}.AppStore|x86.Deploy.0 = Release|Any CPU
		{452A56BB-C2C1-4B0F-AFC4-9C1D1FE2BE03}.Debug|Any CPU.ActiveCfg = Debug|Any CPU
		{452A56BB-C2C1-4B0F-AFC4-9C1D1FE2BE03}.Debug|Any CPU.Build.0 = Debug|Any CPU
		{452A56BB-C2C1-4B0F-AFC4-9C1D1FE2BE03}.Debug|Any CPU.Deploy.0 = Debug|Any CPU
		{452A56BB-C2C1-4B0F-AFC4-9C1D1FE2BE03}.Debug|ARM.ActiveCfg = Debug|Any CPU
		{452A56BB-C2C1-4B0F-AFC4-9C1D1FE2BE03}.Debug|ARM.Build.0 = Debug|Any CPU
		{452A56BB-C2C1-4B0F-AFC4-9C1D1FE2BE03}.Debug|ARM.Deploy.0 = Debug|Any CPU
		{452A56BB-C2C1-4B0F-AFC4-9C1D1FE2BE03}.Debug|iPhone.ActiveCfg = Debug|Any CPU
		{452A56BB-C2C1-4B0F-AFC4-9C1D1FE2BE03}.Debug|iPhone.Build.0 = Debug|Any CPU
		{452A56BB-C2C1-4B0F-AFC4-9C1D1FE2BE03}.Debug|iPhone.Deploy.0 = Debug|Any CPU
		{452A56BB-C2C1-4B0F-AFC4-9C1D1FE2BE03}.Debug|iPhoneSimulator.ActiveCfg = Debug|Any CPU
		{452A56BB-C2C1-4B0F-AFC4-9C1D1FE2BE03}.Debug|iPhoneSimulator.Build.0 = Debug|Any CPU
		{452A56BB-C2C1-4B0F-AFC4-9C1D1FE2BE03}.Debug|iPhoneSimulator.Deploy.0 = Debug|Any CPU
		{452A56BB-C2C1-4B0F-AFC4-9C1D1FE2BE03}.Debug|x64.ActiveCfg = Debug|Any CPU
		{452A56BB-C2C1-4B0F-AFC4-9C1D1FE2BE03}.Debug|x64.Build.0 = Debug|Any CPU
		{452A56BB-C2C1-4B0F-AFC4-9C1D1FE2BE03}.Debug|x64.Deploy.0 = Debug|Any CPU
		{452A56BB-C2C1-4B0F-AFC4-9C1D1FE2BE03}.Debug|x86.ActiveCfg = Debug|Any CPU
		{452A56BB-C2C1-4B0F-AFC4-9C1D1FE2BE03}.Debug|x86.Build.0 = Debug|Any CPU
		{452A56BB-C2C1-4B0F-AFC4-9C1D1FE2BE03}.Debug|x86.Deploy.0 = Debug|Any CPU
		{452A56BB-C2C1-4B0F-AFC4-9C1D1FE2BE03}.Release|Any CPU.ActiveCfg = Release|Any CPU
		{452A56BB-C2C1-4B0F-AFC4-9C1D1FE2BE03}.Release|Any CPU.Build.0 = Release|Any CPU
		{452A56BB-C2C1-4B0F-AFC4-9C1D1FE2BE03}.Release|Any CPU.Deploy.0 = Release|Any CPU
		{452A56BB-C2C1-4B0F-AFC4-9C1D1FE2BE03}.Release|ARM.ActiveCfg = Release|Any CPU
		{452A56BB-C2C1-4B0F-AFC4-9C1D1FE2BE03}.Release|ARM.Build.0 = Release|Any CPU
		{452A56BB-C2C1-4B0F-AFC4-9C1D1FE2BE03}.Release|ARM.Deploy.0 = Release|Any CPU
		{452A56BB-C2C1-4B0F-AFC4-9C1D1FE2BE03}.Release|iPhone.ActiveCfg = Release|Any CPU
		{452A56BB-C2C1-4B0F-AFC4-9C1D1FE2BE03}.Release|iPhone.Build.0 = Release|Any CPU
		{452A56BB-C2C1-4B0F-AFC4-9C1D1FE2BE03}.Release|iPhone.Deploy.0 = Release|Any CPU
		{452A56BB-C2C1-4B0F-AFC4-9C1D1FE2BE03}.Release|iPhoneSimulator.ActiveCfg = Release|Any CPU
		{452A56BB-C2C1-4B0F-AFC4-9C1D1FE2BE03}.Release|iPhoneSimulator.Build.0 = Release|Any CPU
		{452A56BB-C2C1-4B0F-AFC4-9C1D1FE2BE03}.Release|iPhoneSimulator.Deploy.0 = Release|Any CPU
		{452A56BB-C2C1-4B0F-AFC4-9C1D1FE2BE03}.Release|x64.ActiveCfg = Release|Any CPU
		{452A56BB-C2C1-4B0F-AFC4-9C1D1FE2BE03}.Release|x64.Build.0 = Release|Any CPU
		{452A56BB-C2C1-4B0F-AFC4-9C1D1FE2BE03}.Release|x64.Deploy.0 = Release|Any CPU
		{452A56BB-C2C1-4B0F-AFC4-9C1D1FE2BE03}.Release|x86.ActiveCfg = Release|Any CPU
		{452A56BB-C2C1-4B0F-AFC4-9C1D1FE2BE03}.Release|x86.Build.0 = Release|Any CPU
		{452A56BB-C2C1-4B0F-AFC4-9C1D1FE2BE03}.Release|x86.Deploy.0 = Release|Any CPU
		{9C39C0BA-E35A-4E8E-9AF8-8915E526B8E5}.Ad-Hoc|Any CPU.ActiveCfg = Ad-Hoc|iPhone
		{9C39C0BA-E35A-4E8E-9AF8-8915E526B8E5}.Ad-Hoc|Any CPU.Build.0 = Ad-Hoc|iPhone
		{9C39C0BA-E35A-4E8E-9AF8-8915E526B8E5}.Ad-Hoc|Any CPU.Deploy.0 = Ad-Hoc|iPhone
		{9C39C0BA-E35A-4E8E-9AF8-8915E526B8E5}.Ad-Hoc|ARM.ActiveCfg = Ad-Hoc|iPhone
		{9C39C0BA-E35A-4E8E-9AF8-8915E526B8E5}.Ad-Hoc|ARM.Build.0 = Ad-Hoc|iPhone
		{9C39C0BA-E35A-4E8E-9AF8-8915E526B8E5}.Ad-Hoc|ARM.Deploy.0 = Ad-Hoc|iPhone
		{9C39C0BA-E35A-4E8E-9AF8-8915E526B8E5}.Ad-Hoc|iPhone.ActiveCfg = Ad-Hoc|iPhone
		{9C39C0BA-E35A-4E8E-9AF8-8915E526B8E5}.Ad-Hoc|iPhone.Build.0 = Ad-Hoc|iPhone
		{9C39C0BA-E35A-4E8E-9AF8-8915E526B8E5}.Ad-Hoc|iPhone.Deploy.0 = Ad-Hoc|iPhone
		{9C39C0BA-E35A-4E8E-9AF8-8915E526B8E5}.Ad-Hoc|iPhoneSimulator.ActiveCfg = Ad-Hoc|iPhoneSimulator
		{9C39C0BA-E35A-4E8E-9AF8-8915E526B8E5}.Ad-Hoc|iPhoneSimulator.Build.0 = Ad-Hoc|iPhoneSimulator
		{9C39C0BA-E35A-4E8E-9AF8-8915E526B8E5}.Ad-Hoc|iPhoneSimulator.Deploy.0 = Ad-Hoc|iPhoneSimulator
		{9C39C0BA-E35A-4E8E-9AF8-8915E526B8E5}.Ad-Hoc|x64.ActiveCfg = Ad-Hoc|iPhone
		{9C39C0BA-E35A-4E8E-9AF8-8915E526B8E5}.Ad-Hoc|x64.Build.0 = Ad-Hoc|iPhone
		{9C39C0BA-E35A-4E8E-9AF8-8915E526B8E5}.Ad-Hoc|x64.Deploy.0 = Ad-Hoc|iPhone
		{9C39C0BA-E35A-4E8E-9AF8-8915E526B8E5}.Ad-Hoc|x86.ActiveCfg = Ad-Hoc|iPhone
		{9C39C0BA-E35A-4E8E-9AF8-8915E526B8E5}.Ad-Hoc|x86.Build.0 = Ad-Hoc|iPhone
		{9C39C0BA-E35A-4E8E-9AF8-8915E526B8E5}.Ad-Hoc|x86.Deploy.0 = Ad-Hoc|iPhone
		{9C39C0BA-E35A-4E8E-9AF8-8915E526B8E5}.AppStore|Any CPU.ActiveCfg = AppStore|iPhone
		{9C39C0BA-E35A-4E8E-9AF8-8915E526B8E5}.AppStore|Any CPU.Build.0 = AppStore|iPhone
		{9C39C0BA-E35A-4E8E-9AF8-8915E526B8E5}.AppStore|Any CPU.Deploy.0 = AppStore|iPhone
		{9C39C0BA-E35A-4E8E-9AF8-8915E526B8E5}.AppStore|ARM.ActiveCfg = AppStore|iPhone
		{9C39C0BA-E35A-4E8E-9AF8-8915E526B8E5}.AppStore|ARM.Build.0 = AppStore|iPhone
		{9C39C0BA-E35A-4E8E-9AF8-8915E526B8E5}.AppStore|ARM.Deploy.0 = AppStore|iPhone
		{9C39C0BA-E35A-4E8E-9AF8-8915E526B8E5}.AppStore|iPhone.ActiveCfg = AppStore|iPhone
		{9C39C0BA-E35A-4E8E-9AF8-8915E526B8E5}.AppStore|iPhone.Build.0 = AppStore|iPhone
		{9C39C0BA-E35A-4E8E-9AF8-8915E526B8E5}.AppStore|iPhone.Deploy.0 = AppStore|iPhone
		{9C39C0BA-E35A-4E8E-9AF8-8915E526B8E5}.AppStore|iPhoneSimulator.ActiveCfg = AppStore|iPhoneSimulator
		{9C39C0BA-E35A-4E8E-9AF8-8915E526B8E5}.AppStore|iPhoneSimulator.Build.0 = AppStore|iPhoneSimulator
		{9C39C0BA-E35A-4E8E-9AF8-8915E526B8E5}.AppStore|iPhoneSimulator.Deploy.0 = AppStore|iPhoneSimulator
		{9C39C0BA-E35A-4E8E-9AF8-8915E526B8E5}.AppStore|x64.ActiveCfg = AppStore|iPhone
		{9C39C0BA-E35A-4E8E-9AF8-8915E526B8E5}.AppStore|x64.Build.0 = AppStore|iPhone
		{9C39C0BA-E35A-4E8E-9AF8-8915E526B8E5}.AppStore|x64.Deploy.0 = AppStore|iPhone
		{9C39C0BA-E35A-4E8E-9AF8-8915E526B8E5}.AppStore|x86.ActiveCfg = AppStore|iPhone
		{9C39C0BA-E35A-4E8E-9AF8-8915E526B8E5}.AppStore|x86.Build.0 = AppStore|iPhone
		{9C39C0BA-E35A-4E8E-9AF8-8915E526B8E5}.AppStore|x86.Deploy.0 = AppStore|iPhone
		{9C39C0BA-E35A-4E8E-9AF8-8915E526B8E5}.Debug|Any CPU.ActiveCfg = Debug|iPhoneSimulator
		{9C39C0BA-E35A-4E8E-9AF8-8915E526B8E5}.Debug|Any CPU.Build.0 = Debug|iPhoneSimulator
		{9C39C0BA-E35A-4E8E-9AF8-8915E526B8E5}.Debug|Any CPU.Deploy.0 = Debug|iPhoneSimulator
		{9C39C0BA-E35A-4E8E-9AF8-8915E526B8E5}.Debug|ARM.ActiveCfg = Debug|iPhone
		{9C39C0BA-E35A-4E8E-9AF8-8915E526B8E5}.Debug|ARM.Build.0 = Debug|iPhone
		{9C39C0BA-E35A-4E8E-9AF8-8915E526B8E5}.Debug|ARM.Deploy.0 = Debug|iPhone
		{9C39C0BA-E35A-4E8E-9AF8-8915E526B8E5}.Debug|iPhone.ActiveCfg = Debug|iPhone
		{9C39C0BA-E35A-4E8E-9AF8-8915E526B8E5}.Debug|iPhone.Build.0 = Debug|iPhone
		{9C39C0BA-E35A-4E8E-9AF8-8915E526B8E5}.Debug|iPhone.Deploy.0 = Debug|iPhone
		{9C39C0BA-E35A-4E8E-9AF8-8915E526B8E5}.Debug|iPhoneSimulator.ActiveCfg = Debug|iPhoneSimulator
		{9C39C0BA-E35A-4E8E-9AF8-8915E526B8E5}.Debug|iPhoneSimulator.Build.0 = Debug|iPhoneSimulator
		{9C39C0BA-E35A-4E8E-9AF8-8915E526B8E5}.Debug|iPhoneSimulator.Deploy.0 = Debug|iPhoneSimulator
		{9C39C0BA-E35A-4E8E-9AF8-8915E526B8E5}.Debug|x64.ActiveCfg = Debug|iPhone
		{9C39C0BA-E35A-4E8E-9AF8-8915E526B8E5}.Debug|x64.Build.0 = Debug|iPhone
		{9C39C0BA-E35A-4E8E-9AF8-8915E526B8E5}.Debug|x64.Deploy.0 = Debug|iPhone
		{9C39C0BA-E35A-4E8E-9AF8-8915E526B8E5}.Debug|x86.ActiveCfg = Debug|iPhone
		{9C39C0BA-E35A-4E8E-9AF8-8915E526B8E5}.Debug|x86.Build.0 = Debug|iPhone
		{9C39C0BA-E35A-4E8E-9AF8-8915E526B8E5}.Debug|x86.Deploy.0 = Debug|iPhone
		{9C39C0BA-E35A-4E8E-9AF8-8915E526B8E5}.Release|Any CPU.ActiveCfg = Release|iPhone
		{9C39C0BA-E35A-4E8E-9AF8-8915E526B8E5}.Release|Any CPU.Build.0 = Release|iPhone
		{9C39C0BA-E35A-4E8E-9AF8-8915E526B8E5}.Release|Any CPU.Deploy.0 = Release|iPhone
		{9C39C0BA-E35A-4E8E-9AF8-8915E526B8E5}.Release|ARM.ActiveCfg = Release|iPhone
		{9C39C0BA-E35A-4E8E-9AF8-8915E526B8E5}.Release|ARM.Build.0 = Release|iPhone
		{9C39C0BA-E35A-4E8E-9AF8-8915E526B8E5}.Release|ARM.Deploy.0 = Release|iPhone
		{9C39C0BA-E35A-4E8E-9AF8-8915E526B8E5}.Release|iPhone.ActiveCfg = Release|iPhone
		{9C39C0BA-E35A-4E8E-9AF8-8915E526B8E5}.Release|iPhone.Build.0 = Release|iPhone
		{9C39C0BA-E35A-4E8E-9AF8-8915E526B8E5}.Release|iPhone.Deploy.0 = Release|iPhone
		{9C39C0BA-E35A-4E8E-9AF8-8915E526B8E5}.Release|iPhoneSimulator.ActiveCfg = Release|iPhoneSimulator
		{9C39C0BA-E35A-4E8E-9AF8-8915E526B8E5}.Release|iPhoneSimulator.Build.0 = Release|iPhoneSimulator
		{9C39C0BA-E35A-4E8E-9AF8-8915E526B8E5}.Release|iPhoneSimulator.Deploy.0 = Release|iPhoneSimulator
		{9C39C0BA-E35A-4E8E-9AF8-8915E526B8E5}.Release|x64.ActiveCfg = Release|iPhone
		{9C39C0BA-E35A-4E8E-9AF8-8915E526B8E5}.Release|x64.Build.0 = Release|iPhone
		{9C39C0BA-E35A-4E8E-9AF8-8915E526B8E5}.Release|x64.Deploy.0 = Release|iPhone
		{9C39C0BA-E35A-4E8E-9AF8-8915E526B8E5}.Release|x86.ActiveCfg = Release|iPhone
		{9C39C0BA-E35A-4E8E-9AF8-8915E526B8E5}.Release|x86.Build.0 = Release|iPhone
		{9C39C0BA-E35A-4E8E-9AF8-8915E526B8E5}.Release|x86.Deploy.0 = Release|iPhone
		{548ACA60-B139-4962-B60B-E2FD1D205A57}.Ad-Hoc|Any CPU.ActiveCfg = Release|x86
		{548ACA60-B139-4962-B60B-E2FD1D205A57}.Ad-Hoc|Any CPU.Build.0 = Release|x86
		{548ACA60-B139-4962-B60B-E2FD1D205A57}.Ad-Hoc|Any CPU.Deploy.0 = Release|x86
		{548ACA60-B139-4962-B60B-E2FD1D205A57}.Ad-Hoc|ARM.ActiveCfg = Release|ARM
		{548ACA60-B139-4962-B60B-E2FD1D205A57}.Ad-Hoc|ARM.Build.0 = Release|ARM
		{548ACA60-B139-4962-B60B-E2FD1D205A57}.Ad-Hoc|ARM.Deploy.0 = Release|ARM
		{548ACA60-B139-4962-B60B-E2FD1D205A57}.Ad-Hoc|iPhone.ActiveCfg = Release|x86
		{548ACA60-B139-4962-B60B-E2FD1D205A57}.Ad-Hoc|iPhone.Build.0 = Release|x86
		{548ACA60-B139-4962-B60B-E2FD1D205A57}.Ad-Hoc|iPhone.Deploy.0 = Release|x86
		{548ACA60-B139-4962-B60B-E2FD1D205A57}.Ad-Hoc|iPhoneSimulator.ActiveCfg = Release|x86
		{548ACA60-B139-4962-B60B-E2FD1D205A57}.Ad-Hoc|iPhoneSimulator.Build.0 = Release|x86
		{548ACA60-B139-4962-B60B-E2FD1D205A57}.Ad-Hoc|iPhoneSimulator.Deploy.0 = Release|x86
		{548ACA60-B139-4962-B60B-E2FD1D205A57}.Ad-Hoc|x64.ActiveCfg = Release|x64
		{548ACA60-B139-4962-B60B-E2FD1D205A57}.Ad-Hoc|x64.Build.0 = Release|x64
		{548ACA60-B139-4962-B60B-E2FD1D205A57}.Ad-Hoc|x64.Deploy.0 = Release|x64
		{548ACA60-B139-4962-B60B-E2FD1D205A57}.Ad-Hoc|x86.ActiveCfg = Release|x86
		{548ACA60-B139-4962-B60B-E2FD1D205A57}.Ad-Hoc|x86.Build.0 = Release|x86
		{548ACA60-B139-4962-B60B-E2FD1D205A57}.Ad-Hoc|x86.Deploy.0 = Release|x86
		{548ACA60-B139-4962-B60B-E2FD1D205A57}.AppStore|Any CPU.ActiveCfg = Release|x86
		{548ACA60-B139-4962-B60B-E2FD1D205A57}.AppStore|Any CPU.Build.0 = Release|x86
		{548ACA60-B139-4962-B60B-E2FD1D205A57}.AppStore|Any CPU.Deploy.0 = Release|x86
		{548ACA60-B139-4962-B60B-E2FD1D205A57}.AppStore|ARM.ActiveCfg = Release|ARM
		{548ACA60-B139-4962-B60B-E2FD1D205A57}.AppStore|ARM.Build.0 = Release|ARM
		{548ACA60-B139-4962-B60B-E2FD1D205A57}.AppStore|ARM.Deploy.0 = Release|ARM
		{548ACA60-B139-4962-B60B-E2FD1D205A57}.AppStore|iPhone.ActiveCfg = Release|x86
		{548ACA60-B139-4962-B60B-E2FD1D205A57}.AppStore|iPhone.Build.0 = Release|x86
		{548ACA60-B139-4962-B60B-E2FD1D205A57}.AppStore|iPhone.Deploy.0 = Release|x86
		{548ACA60-B139-4962-B60B-E2FD1D205A57}.AppStore|iPhoneSimulator.ActiveCfg = Release|x86
		{548ACA60-B139-4962-B60B-E2FD1D205A57}.AppStore|iPhoneSimulator.Build.0 = Release|x86
		{548ACA60-B139-4962-B60B-E2FD1D205A57}.AppStore|iPhoneSimulator.Deploy.0 = Release|x86
		{548ACA60-B139-4962-B60B-E2FD1D205A57}.AppStore|x64.ActiveCfg = Release|x64
		{548ACA60-B139-4962-B60B-E2FD1D205A57}.AppStore|x64.Build.0 = Release|x64
		{548ACA60-B139-4962-B60B-E2FD1D205A57}.AppStore|x64.Deploy.0 = Release|x64
		{548ACA60-B139-4962-B60B-E2FD1D205A57}.AppStore|x86.ActiveCfg = Release|x86
		{548ACA60-B139-4962-B60B-E2FD1D205A57}.AppStore|x86.Build.0 = Release|x86
		{548ACA60-B139-4962-B60B-E2FD1D205A57}.AppStore|x86.Deploy.0 = Release|x86
		{548ACA60-B139-4962-B60B-E2FD1D205A57}.Debug|Any CPU.ActiveCfg = Debug|x86
		{548ACA60-B139-4962-B60B-E2FD1D205A57}.Debug|Any CPU.Build.0 = Debug|x86
		{548ACA60-B139-4962-B60B-E2FD1D205A57}.Debug|Any CPU.Deploy.0 = Debug|x86
		{548ACA60-B139-4962-B60B-E2FD1D205A57}.Debug|ARM.ActiveCfg = Debug|ARM
		{548ACA60-B139-4962-B60B-E2FD1D205A57}.Debug|ARM.Build.0 = Debug|ARM
		{548ACA60-B139-4962-B60B-E2FD1D205A57}.Debug|ARM.Deploy.0 = Debug|ARM
		{548ACA60-B139-4962-B60B-E2FD1D205A57}.Debug|iPhone.ActiveCfg = Debug|x86
		{548ACA60-B139-4962-B60B-E2FD1D205A57}.Debug|iPhone.Build.0 = Debug|x86
		{548ACA60-B139-4962-B60B-E2FD1D205A57}.Debug|iPhone.Deploy.0 = Debug|x86
		{548ACA60-B139-4962-B60B-E2FD1D205A57}.Debug|iPhoneSimulator.ActiveCfg = Debug|x86
		{548ACA60-B139-4962-B60B-E2FD1D205A57}.Debug|iPhoneSimulator.Build.0 = Debug|x86
		{548ACA60-B139-4962-B60B-E2FD1D205A57}.Debug|iPhoneSimulator.Deploy.0 = Debug|x86
		{548ACA60-B139-4962-B60B-E2FD1D205A57}.Debug|x64.ActiveCfg = Debug|x64
		{548ACA60-B139-4962-B60B-E2FD1D205A57}.Debug|x64.Build.0 = Debug|x64
		{548ACA60-B139-4962-B60B-E2FD1D205A57}.Debug|x64.Deploy.0 = Debug|x64
		{548ACA60-B139-4962-B60B-E2FD1D205A57}.Debug|x86.ActiveCfg = Debug|x86
		{548ACA60-B139-4962-B60B-E2FD1D205A57}.Debug|x86.Build.0 = Debug|x86
		{548ACA60-B139-4962-B60B-E2FD1D205A57}.Debug|x86.Deploy.0 = Debug|x86
		{548ACA60-B139-4962-B60B-E2FD1D205A57}.Release|Any CPU.ActiveCfg = Release|x86
		{548ACA60-B139-4962-B60B-E2FD1D205A57}.Release|Any CPU.Build.0 = Release|x86
		{548ACA60-B139-4962-B60B-E2FD1D205A57}.Release|Any CPU.Deploy.0 = Release|x86
		{548ACA60-B139-4962-B60B-E2FD1D205A57}.Release|ARM.ActiveCfg = Release|ARM
		{548ACA60-B139-4962-B60B-E2FD1D205A57}.Release|ARM.Build.0 = Release|ARM
		{548ACA60-B139-4962-B60B-E2FD1D205A57}.Release|ARM.Deploy.0 = Release|ARM
		{548ACA60-B139-4962-B60B-E2FD1D205A57}.Release|iPhone.ActiveCfg = Release|x86
		{548ACA60-B139-4962-B60B-E2FD1D205A57}.Release|iPhone.Build.0 = Release|x86
		{548ACA60-B139-4962-B60B-E2FD1D205A57}.Release|iPhone.Deploy.0 = Release|x86
		{548ACA60-B139-4962-B60B-E2FD1D205A57}.Release|iPhoneSimulator.ActiveCfg = Release|x86
		{548ACA60-B139-4962-B60B-E2FD1D205A57}.Release|iPhoneSimulator.Build.0 = Release|x86
		{548ACA60-B139-4962-B60B-E2FD1D205A57}.Release|iPhoneSimulator.Deploy.0 = Release|x86
		{548ACA60-B139-4962-B60B-E2FD1D205A57}.Release|x64.ActiveCfg = Release|x64
		{548ACA60-B139-4962-B60B-E2FD1D205A57}.Release|x64.Build.0 = Release|x64
		{548ACA60-B139-4962-B60B-E2FD1D205A57}.Release|x64.Deploy.0 = Release|x64
		{548ACA60-B139-4962-B60B-E2FD1D205A57}.Release|x86.ActiveCfg = Release|x86
		{548ACA60-B139-4962-B60B-E2FD1D205A57}.Release|x86.Build.0 = Release|x86
		{548ACA60-B139-4962-B60B-E2FD1D205A57}.Release|x86.Deploy.0 = Release|x86
		{79865BFE-4755-4943-BC26-BE4013823FBE}.Ad-Hoc|Any CPU.ActiveCfg = Debug|Any CPU
		{79865BFE-4755-4943-BC26-BE4013823FBE}.Ad-Hoc|Any CPU.Build.0 = Debug|Any CPU
		{79865BFE-4755-4943-BC26-BE4013823FBE}.Ad-Hoc|Any CPU.Deploy.0 = Debug|Any CPU
		{79865BFE-4755-4943-BC26-BE4013823FBE}.Ad-Hoc|ARM.ActiveCfg = Debug|Any CPU
		{79865BFE-4755-4943-BC26-BE4013823FBE}.Ad-Hoc|ARM.Build.0 = Debug|Any CPU
		{79865BFE-4755-4943-BC26-BE4013823FBE}.Ad-Hoc|ARM.Deploy.0 = Debug|Any CPU
		{79865BFE-4755-4943-BC26-BE4013823FBE}.Ad-Hoc|iPhone.ActiveCfg = Debug|Any CPU
		{79865BFE-4755-4943-BC26-BE4013823FBE}.Ad-Hoc|iPhone.Build.0 = Debug|Any CPU
		{79865BFE-4755-4943-BC26-BE4013823FBE}.Ad-Hoc|iPhone.Deploy.0 = Debug|Any CPU
		{79865BFE-4755-4943-BC26-BE4013823FBE}.Ad-Hoc|iPhoneSimulator.ActiveCfg = Debug|Any CPU
		{79865BFE-4755-4943-BC26-BE4013823FBE}.Ad-Hoc|iPhoneSimulator.Build.0 = Debug|Any CPU
		{79865BFE-4755-4943-BC26-BE4013823FBE}.Ad-Hoc|iPhoneSimulator.Deploy.0 = Debug|Any CPU
		{79865BFE-4755-4943-BC26-BE4013823FBE}.Ad-Hoc|x64.ActiveCfg = Debug|Any CPU
		{79865BFE-4755-4943-BC26-BE4013823FBE}.Ad-Hoc|x64.Build.0 = Debug|Any CPU
		{79865BFE-4755-4943-BC26-BE4013823FBE}.Ad-Hoc|x64.Deploy.0 = Debug|Any CPU
		{79865BFE-4755-4943-BC26-BE4013823FBE}.Ad-Hoc|x86.ActiveCfg = Debug|Any CPU
		{79865BFE-4755-4943-BC26-BE4013823FBE}.Ad-Hoc|x86.Build.0 = Debug|Any CPU
		{79865BFE-4755-4943-BC26-BE4013823FBE}.Ad-Hoc|x86.Deploy.0 = Debug|Any CPU
		{79865BFE-4755-4943-BC26-BE4013823FBE}.AppStore|Any CPU.ActiveCfg = Debug|Any CPU
		{79865BFE-4755-4943-BC26-BE4013823FBE}.AppStore|Any CPU.Build.0 = Debug|Any CPU
		{79865BFE-4755-4943-BC26-BE4013823FBE}.AppStore|Any CPU.Deploy.0 = Debug|Any CPU
		{79865BFE-4755-4943-BC26-BE4013823FBE}.AppStore|ARM.ActiveCfg = Debug|Any CPU
		{79865BFE-4755-4943-BC26-BE4013823FBE}.AppStore|ARM.Build.0 = Debug|Any CPU
		{79865BFE-4755-4943-BC26-BE4013823FBE}.AppStore|ARM.Deploy.0 = Debug|Any CPU
		{79865BFE-4755-4943-BC26-BE4013823FBE}.AppStore|iPhone.ActiveCfg = Debug|Any CPU
		{79865BFE-4755-4943-BC26-BE4013823FBE}.AppStore|iPhone.Build.0 = Debug|Any CPU
		{79865BFE-4755-4943-BC26-BE4013823FBE}.AppStore|iPhone.Deploy.0 = Debug|Any CPU
		{79865BFE-4755-4943-BC26-BE4013823FBE}.AppStore|iPhoneSimulator.ActiveCfg = Debug|Any CPU
		{79865BFE-4755-4943-BC26-BE4013823FBE}.AppStore|iPhoneSimulator.Build.0 = Debug|Any CPU
		{79865BFE-4755-4943-BC26-BE4013823FBE}.AppStore|iPhoneSimulator.Deploy.0 = Debug|Any CPU
		{79865BFE-4755-4943-BC26-BE4013823FBE}.AppStore|x64.ActiveCfg = Debug|Any CPU
		{79865BFE-4755-4943-BC26-BE4013823FBE}.AppStore|x64.Build.0 = Debug|Any CPU
		{79865BFE-4755-4943-BC26-BE4013823FBE}.AppStore|x64.Deploy.0 = Debug|Any CPU
		{79865BFE-4755-4943-BC26-BE4013823FBE}.AppStore|x86.ActiveCfg = Debug|Any CPU
		{79865BFE-4755-4943-BC26-BE4013823FBE}.AppStore|x86.Build.0 = Debug|Any CPU
		{79865BFE-4755-4943-BC26-BE4013823FBE}.AppStore|x86.Deploy.0 = Debug|Any CPU
		{79865BFE-4755-4943-BC26-BE4013823FBE}.Debug|Any CPU.ActiveCfg = Debug|Any CPU
		{79865BFE-4755-4943-BC26-BE4013823FBE}.Debug|Any CPU.Build.0 = Debug|Any CPU
		{79865BFE-4755-4943-BC26-BE4013823FBE}.Debug|Any CPU.Deploy.0 = Debug|Any CPU
		{79865BFE-4755-4943-BC26-BE4013823FBE}.Debug|ARM.ActiveCfg = Debug|Any CPU
		{79865BFE-4755-4943-BC26-BE4013823FBE}.Debug|ARM.Build.0 = Debug|Any CPU
		{79865BFE-4755-4943-BC26-BE4013823FBE}.Debug|ARM.Deploy.0 = Debug|Any CPU
		{79865BFE-4755-4943-BC26-BE4013823FBE}.Debug|iPhone.ActiveCfg = Debug|Any CPU
		{79865BFE-4755-4943-BC26-BE4013823FBE}.Debug|iPhone.Build.0 = Debug|Any CPU
		{79865BFE-4755-4943-BC26-BE4013823FBE}.Debug|iPhone.Deploy.0 = Debug|Any CPU
		{79865BFE-4755-4943-BC26-BE4013823FBE}.Debug|iPhoneSimulator.ActiveCfg = Debug|Any CPU
		{79865BFE-4755-4943-BC26-BE4013823FBE}.Debug|iPhoneSimulator.Build.0 = Debug|Any CPU
		{79865BFE-4755-4943-BC26-BE4013823FBE}.Debug|iPhoneSimulator.Deploy.0 = Debug|Any CPU
		{79865BFE-4755-4943-BC26-BE4013823FBE}.Debug|x64.ActiveCfg = Debug|Any CPU
		{79865BFE-4755-4943-BC26-BE4013823FBE}.Debug|x64.Build.0 = Debug|Any CPU
		{79865BFE-4755-4943-BC26-BE4013823FBE}.Debug|x64.Deploy.0 = Debug|Any CPU
		{79865BFE-4755-4943-BC26-BE4013823FBE}.Debug|x86.ActiveCfg = Debug|Any CPU
		{79865BFE-4755-4943-BC26-BE4013823FBE}.Debug|x86.Build.0 = Debug|Any CPU
		{79865BFE-4755-4943-BC26-BE4013823FBE}.Debug|x86.Deploy.0 = Debug|Any CPU
		{79865BFE-4755-4943-BC26-BE4013823FBE}.Release|Any CPU.ActiveCfg = Release|Any CPU
		{79865BFE-4755-4943-BC26-BE4013823FBE}.Release|Any CPU.Build.0 = Release|Any CPU
		{79865BFE-4755-4943-BC26-BE4013823FBE}.Release|Any CPU.Deploy.0 = Release|Any CPU
		{79865BFE-4755-4943-BC26-BE4013823FBE}.Release|ARM.ActiveCfg = Release|Any CPU
		{79865BFE-4755-4943-BC26-BE4013823FBE}.Release|ARM.Build.0 = Release|Any CPU
		{79865BFE-4755-4943-BC26-BE4013823FBE}.Release|ARM.Deploy.0 = Release|Any CPU
		{79865BFE-4755-4943-BC26-BE4013823FBE}.Release|iPhone.ActiveCfg = Release|Any CPU
		{79865BFE-4755-4943-BC26-BE4013823FBE}.Release|iPhone.Build.0 = Release|Any CPU
		{79865BFE-4755-4943-BC26-BE4013823FBE}.Release|iPhone.Deploy.0 = Release|Any CPU
		{79865BFE-4755-4943-BC26-BE4013823FBE}.Release|iPhoneSimulator.ActiveCfg = Release|Any CPU
		{79865BFE-4755-4943-BC26-BE4013823FBE}.Release|iPhoneSimulator.Build.0 = Release|Any CPU
		{79865BFE-4755-4943-BC26-BE4013823FBE}.Release|iPhoneSimulator.Deploy.0 = Release|Any CPU
		{79865BFE-4755-4943-BC26-BE4013823FBE}.Release|x64.ActiveCfg = Release|Any CPU
		{79865BFE-4755-4943-BC26-BE4013823FBE}.Release|x64.Build.0 = Release|Any CPU
		{79865BFE-4755-4943-BC26-BE4013823FBE}.Release|x64.Deploy.0 = Release|Any CPU
		{79865BFE-4755-4943-BC26-BE4013823FBE}.Release|x86.ActiveCfg = Release|Any CPU
		{79865BFE-4755-4943-BC26-BE4013823FBE}.Release|x86.Build.0 = Release|Any CPU
		{79865BFE-4755-4943-BC26-BE4013823FBE}.Release|x86.Deploy.0 = Release|Any CPU
	EndGlobalSection
	GlobalSection(SolutionProperties) = preSolution
		HideSolutionNode = FALSE
	EndGlobalSection
	GlobalSection(ExtensibilityGlobals) = postSolution
		SolutionGuid = {4D702581-F075-4E32-9372-3E26E230CB53}
	EndGlobalSection
EndGlobal
